github.com/hashicorp/golang-lru v0.0.0-20180201235237-0fb14efe8c47 h1:UnszMmmmm5vLwWzDjTFVIkfhvWF1NdrmChl8L2NUDCw=
github.com/hashicorp/golang-lru v0.0.0-20180201235237-0fb14efe8c47/go.mod h1:/m3WP610KZHVQ1SGc6re/UDhFvYD7pJ4Ao+sR/qLZy8=
github.com/hashicorp/golang-lru v0.5.4 h1:YDjusn29QI/Das2iO9M0BHnIbxPeyuCHsjMW+lJfyTc=
github.com/hashicorp/golang-lru v0.5.4/go.mod h1:iADmTwqILo4mZ8BN3D2Q6+9jd8WM5uGBxy+E8yxSoD4=
github.com/jackpal/bencode-go v0.0.0-20180813173944-227668e840fa h1:ym9I4Q1lJG8nu+j5R2H6mHOfVjYbSiwUOzh/AFs3Xfs=
github.com/jackpal/bencode-go v0.0.0-20180813173944-227668e840fa/go.mod h1:5FSBQ74yhCl5oQ+QxRPYzWMONFnxbL68/23eezsBI5c=
github.com/marksamman/bencode v0.0.0-20150821143521-dc84f26e086e h1:KMs6SK8iDSR1+ZzOK10L5wGPpWDByyvOe5nrqk51g2U=
github.com/marksamman/bencode v0.0.0-20150821143521-dc84f26e086e/go.mod h1:+AHfJo5+69p+fjvMJTmYajNP9rFBHQcaTDFmuXRRATI=
github.com/mattn/go-sqlite3 v1.14.13 h1:1tj15ngiFfcZzii7yd82foL+ks+ouQcj8j/TPq3fk1I=
github.com/mattn/go-sqlite3 v1.14.13/go.mod h1:NyWgC/yNuGj7Q9rpYnZvas74GogHl5/Z4A/KQRfk6bU=
golang.org/x/net v0.0.0-20180330215511-b68f30494add h1:oGr9qHpQTQvl/BmeWw95ZrQKahW4qdIPUiGfQkJYDsA=
golang.org/x/net v0.0.0-20180330215511-b68f30494add/go.mod h1:mL1N/T3taQHkDXs73rZJwtUhF3w3ftmwwsq0BUmARs4=
golang.org/x/time v0.0.0-20180314180208-26559e0f760e h1:aUMCDtB7fbxaw60p2ngy69FCEzU3XpcAEpszqXsdXWg=
golang.org/x/time v0.0.0-20180314180208-26559e0f760e/go.mod h1:tRJNPiyCQ0inRvYxbN9jk5I+vvW/OXSQhTDSoE431IQ=
golang.org/x/time v0.0.0-20220609170525-579cf78fd858 h1:Dpdu/EMxGMFgq0CeYMh4fazTD2vtlZRYE7wyynxJb9U=
golang.org/x/time v0.0.0-20220609170525-579cf78fd858/go.mod h1:tRJNPiyCQ0inRvYxbN9jk5I+vvW/OXSQhTDSoE431IQ=
src.userspace.com.au/go-bencode v0.3.1 h1:O3Qny4bKM4on4U/LjyWb3i7KwQnQnUPIb2PSjGCBnoI=
src.userspace.com.au/go-bencode v0.3.1/go.mod h1:x/2aZW6OnN60Ot7VCTShG1B7H47QaWRS7pCxkgCpfaI=
src.userspace.com.au/logger v0.1.1 h1:mfnQv/pi5X2fxgXxMAJS7oDOWww4p2P2ktDuP5AjCtQ=
src.userspace.com.au/logger v0.1.1/go.mod h1:PC4uwII4fDAhivRMJMp+6uk+VCT6/EZcdDE8hXG56NI=
