# This file is autogenerated, do not edit; changes may be undone by the next 'dep ensure'.


[[projects]]
  name = "github.com/BurntSushi/toml"
  packages = ["."]
  revision = "b26d9c308763d68093482582cea63d69be07a0f0"
  version = "v0.3.0"

[[projects]]
  name = "github.com/felix/logger"
  packages = ["."]
  revision = "e63ba90ca450858e4e5a719a710370144cb7913b"
  version = "0.1.1"

[[projects]]
  branch = "master"
  name = "github.com/jackc/pgx"
  packages = [
    ".",
    "stdlib"
  ]
  revision = "cd16be9308d0886a1fe2b5e1bb5e0bc935cd9217"

[[projects]]
  branch = "master"
  name = "github.com/jmoiron/sqlx"
  packages = [
    ".",
    "reflectx"
  ]
  revision = "d9bd385d68c068f1fabb5057e3dedcbcbb039d0f"

[solve-meta]
  analyzer-name = "dep"
  analyzer-version = 1
  inputs-digest = "25063d396dff2d94d5732c030c9c8f85e789dc4bba4f47ca8a16e0e742372379"
  solver-name = "gps-cdcl"
  solver-version = 1
