# This file is autogenerated, do not edit; changes may be undone by the next 'dep ensure'.


[[projects]]
  branch = "master"
  name = "github.com/felix/dhtsearch"
  packages = [
    "bencode",
    "bt",
    "db",
    "dht",
    "krpc",
    "models"
  ]
  revision = "cb1d36ac4386047cc06776a495538a310c37eb47"

[[projects]]
  name = "github.com/felix/go-bencode"
  packages = ["."]
  revision = "f360d8599fde67692f82d08137056bd1e84491d8"
  version = "0.2.0"

[[projects]]
  name = "github.com/felix/logger"
  packages = ["."]
  revision = "e63ba90ca450858e4e5a719a710370144cb7913b"
  version = "0.1.1"

[[projects]]
  branch = "master"
  name = "github.com/hashicorp/golang-lru"
  packages = [
    ".",
    "simplelru"
  ]
  revision = "0fb14efe8c47ae851c0034ed7a448854d3d34cf3"

[[projects]]
  name = "github.com/jackc/pgx"
  packages = [
    ".",
    "chunkreader",
    "internal/sanitize",
    "pgio",
    "pgproto3",
    "pgtype"
  ]
  revision = "da3231b0b66e2e74cdb779f1d46c5e958ba8be27"
  version = "v3.1.0"

[[projects]]
  name = "github.com/mattn/go-sqlite3"
  packages = ["."]
  revision = "6c771bb9887719704b210e87e934f08be014bdb1"
  version = "v1.6.0"

[[projects]]
  name = "github.com/pkg/errors"
  packages = ["."]
  revision = "645ef00459ed84a119197bfb8d8205042c6df63d"
  version = "v0.8.0"

[[projects]]
  branch = "master"
  name = "golang.org/x/net"
  packages = ["context"]
  revision = "b68f30494add4df6bd8ef5e82803f308e7f7c59c"

[[projects]]
  branch = "master"
  name = "golang.org/x/time"
  packages = ["rate"]
  revision = "26559e0f760e39c24d730d3224364aef164ee23f"

[solve-meta]
  analyzer-name = "dep"
  analyzer-version = 1
  inputs-digest = "c8c713c89048dc77954b719af121c620204666ba32b8c6c7d2b497b279c9aaac"
  solver-name = "gps-cdcl"
  solver-version = 1
