# This file is autogenerated, do not edit; changes may be undone by the next 'dep ensure'.


[[projects]]
  name = "github.com/mattn/go-sqlite3"
  packages = ["."]
  revision = "ca5e3819723d8eeaf170ad510e7da1d6d2e94a08"
  version = "v1.2.0"

[[projects]]
  branch = "master"
  name = "golang.org/x/net"
  packages = ["context"]
  revision = "59a0b19b5533c7977ddeb86b017bf507ed407b12"

[solve-meta]
  analyzer-name = "dep"
  analyzer-version = 1
  inputs-digest = "c64d8299c6eae3e3117076061359879695140237b41d3f7b8d78f256ab3607e3"
  solver-name = "gps-cdcl"
  solver-version = 1
